
Microsoft Visual Studio Solution File, Format Version 12.00
# Visual Studio Version 17
VisualStudioVersion = 17.4.33213.308
MinimumVisualStudioVersion = 10.0.40219.1
Project("{9A19103F-16F7-4668-BE54-9A1E7A4F7556}") = "Estacionamento.Web", "Estacionamento.Web\Estacionamento.Web.csproj", "{3A2943EB-1A66-4E55-9A5B-BAE358AC3E98}"
	ProjectSection(ProjectDependencies) = postProject
		{9D2A2038-C661-4B71-93C1-71D466710C6B} = {9D2A2038-C661-4B71-93C1-71D466710C6B}
		{AC6BB1A5-3F87-49DD-9659-54E7DB05DE29} = {AC6BB1A5-3F87-49DD-9659-54E7DB05DE29}
	EndProjectSection
EndProject
Project("{9A19103F-16F7-4668-BE54-9A1E7A4F7556}") = "Estacionamento.Domain", "Estacionamento.Domain\Estacionamento.Domain.csproj", "{9D2A2038-C661-4B71-93C1-71D466710C6B}"
EndProject
Project("{FAE04EC0-301F-11D3-BF4B-00C04F79EFBC}") = "Estacionamento.Context", "Estacionamento.Context\Estacionamento.Context.csproj", "{AC6BB1A5-3F87-49DD-9659-54E7DB05DE29}"
	ProjectSection(ProjectDependencies) = postProject
		{9D2A2038-C661-4B71-93C1-71D466710C6B} = {9D2A2038-C661-4B71-93C1-71D466710C6B}
	EndProjectSection
EndProject
Global
	GlobalSection(SolutionConfigurationPlatforms) = preSolution
		Debug|Any CPU = Debug|Any CPU
		Release|Any CPU = Release|Any CPU
	EndGlobalSection
	GlobalSection(ProjectConfigurationPlatforms) = postSolution
		{3A2943EB-1A66-4E55-9A5B-BAE358AC3E98}.Debug|Any CPU.ActiveCfg = Debug|Any CPU
		{3A2943EB-1A66-4E55-9A5B-BAE358AC3E98}.Debug|Any CPU.Build.0 = Debug|Any CPU
		{3A2943EB-1A66-4E55-9A5B-BAE358AC3E98}.Release|Any CPU.ActiveCfg = Release|Any CPU
		{3A2943EB-1A66-4E55-9A5B-BAE358AC3E98}.Release|Any CPU.Build.0 = Release|Any CPU
		{9D2A2038-C661-4B71-93C1-71D466710C6B}.Debug|Any CPU.ActiveCfg = Debug|Any CPU
		{9D2A2038-C661-4B71-93C1-71D466710C6B}.Debug|Any CPU.Build.0 = Debug|Any CPU
		{9D2A2038-C661-4B71-93C1-71D466710C6B}.Release|Any CPU.ActiveCfg = Release|Any CPU
		{9D2A2038-C661-4B71-93C1-71D466710C6B}.Release|Any CPU.Build.0 = Release|Any CPU
		{AC6BB1A5-3F87-49DD-9659-54E7DB05DE29}.Debug|Any CPU.ActiveCfg = Debug|Any CPU
		{AC6BB1A5-3F87-49DD-9659-54E7DB05DE29}.Debug|Any CPU.Build.0 = Debug|Any CPU
		{AC6BB1A5-3F87-49DD-9659-54E7DB05DE29}.Release|Any CPU.ActiveCfg = Release|Any CPU
		{AC6BB1A5-3F87-49DD-9659-54E7DB05DE29}.Release|Any CPU.Build.0 = Release|Any CPU
	EndGlobalSection
	GlobalSection(SolutionProperties) = preSolution
		HideSolutionNode = FALSE
	EndGlobalSection
	GlobalSection(ExtensibilityGlobals) = postSolution
		SolutionGuid = {CB690789-B207-41C7-A0E7-98D5D9C8AFAC}
	EndGlobalSection
EndGlobal
